
Microsoft Visual Studio Solution File, Format Version 12.00
# Visual Studio Version 17
VisualStudioVersion = 17.6.33801.468
MinimumVisualStudioVersion = 10.0.40219.1
Project("{FAE04EC0-301F-11D3-BF4B-00C04F79EFBC}") = "GestionePratiche", "GestionePratiche\GestionePratiche.csproj", "{2AC14218-71F8-4AA5-A1F8-BA0B8253B37D}"
EndProject
Project("{2150E333-8FDC-42A3-9474-1A3956D46DE8}") = "Pratiche", "Pratiche", "{0BE9E820-1101-45A6-A980-9F281C740EC7}"
EndProject
Project("{2150E333-8FDC-42A3-9474-1A3956D46DE8}") = "Tests", "Tests", "{932CB896-4342-4421-9855-DF4E20E69D07}"
EndProject
Project("{FAE04EC0-301F-11D3-BF4B-00C04F79EFBC}") = "GestionePratiche.Persistence", "GestionePratiche.Persistence\GestionePratiche.Persistence.csproj", "{A0C9FEF0-9C7C-4ED4-9F44-EB52AE129D01}"
EndProject
Project("{FAE04EC0-301F-11D3-BF4B-00C04F79EFBC}") = "GestionePratiche.Dto", "GestionePratiche.Dto\GestionePratiche.Dto.csproj", "{DB64CCBE-E62C-4A91-B373-199C7E0D3467}"
EndProject
Project("{FAE04EC0-301F-11D3-BF4B-00C04F79EFBC}") = "GestionePratiche.Services", "GestionePratiche.Services\GestionePratiche.Services.csproj", "{224F4F6D-A272-4C99-8D22-91EED4612233}"
EndProject
Global
	GlobalSection(SolutionConfigurationPlatforms) = preSolution
		Debug|Any CPU = Debug|Any CPU
		Release|Any CPU = Release|Any CPU
	EndGlobalSection
	GlobalSection(ProjectConfigurationPlatforms) = postSolution
		{2AC14218-71F8-4AA5-A1F8-BA0B8253B37D}.Debug|Any CPU.ActiveCfg = Debug|Any CPU
		{2AC14218-71F8-4AA5-A1F8-BA0B8253B37D}.Debug|Any CPU.Build.0 = Debug|Any CPU
		{2AC14218-71F8-4AA5-A1F8-BA0B8253B37D}.Release|Any CPU.ActiveCfg = Release|Any CPU
		{2AC14218-71F8-4AA5-A1F8-BA0B8253B37D}.Release|Any CPU.Build.0 = Release|Any CPU
		{A0C9FEF0-9C7C-4ED4-9F44-EB52AE129D01}.Debug|Any CPU.ActiveCfg = Debug|Any CPU
		{A0C9FEF0-9C7C-4ED4-9F44-EB52AE129D01}.Debug|Any CPU.Build.0 = Debug|Any CPU
		{A0C9FEF0-9C7C-4ED4-9F44-EB52AE129D01}.Release|Any CPU.ActiveCfg = Release|Any CPU
		{A0C9FEF0-9C7C-4ED4-9F44-EB52AE129D01}.Release|Any CPU.Build.0 = Release|Any CPU
		{DB64CCBE-E62C-4A91-B373-199C7E0D3467}.Debug|Any CPU.ActiveCfg = Debug|Any CPU
		{DB64CCBE-E62C-4A91-B373-199C7E0D3467}.Debug|Any CPU.Build.0 = Debug|Any CPU
		{DB64CCBE-E62C-4A91-B373-199C7E0D3467}.Release|Any CPU.ActiveCfg = Release|Any CPU
		{DB64CCBE-E62C-4A91-B373-199C7E0D3467}.Release|Any CPU.Build.0 = Release|Any CPU
		{224F4F6D-A272-4C99-8D22-91EED4612233}.Debug|Any CPU.ActiveCfg = Debug|Any CPU
		{224F4F6D-A272-4C99-8D22-91EED4612233}.Debug|Any CPU.Build.0 = Debug|Any CPU
		{224F4F6D-A272-4C99-8D22-91EED4612233}.Release|Any CPU.ActiveCfg = Release|Any CPU
		{224F4F6D-A272-4C99-8D22-91EED4612233}.Release|Any CPU.Build.0 = Release|Any CPU
	EndGlobalSection
	GlobalSection(SolutionProperties) = preSolution
		HideSolutionNode = FALSE
	EndGlobalSection
	GlobalSection(NestedProjects) = preSolution
		{2AC14218-71F8-4AA5-A1F8-BA0B8253B37D} = {0BE9E820-1101-45A6-A980-9F281C740EC7}
		{932CB896-4342-4421-9855-DF4E20E69D07} = {0BE9E820-1101-45A6-A980-9F281C740EC7}
		{A0C9FEF0-9C7C-4ED4-9F44-EB52AE129D01} = {0BE9E820-1101-45A6-A980-9F281C740EC7}
		{DB64CCBE-E62C-4A91-B373-199C7E0D3467} = {0BE9E820-1101-45A6-A980-9F281C740EC7}
		{224F4F6D-A272-4C99-8D22-91EED4612233} = {0BE9E820-1101-45A6-A980-9F281C740EC7}
	EndGlobalSection
	GlobalSection(ExtensibilityGlobals) = postSolution
		SolutionGuid = {187CB182-0F77-472C-8145-117B3ED239AF}
	EndGlobalSection
EndGlobal
